
Microsoft Visual Studio Solution File, Format Version 12.00
# Visual Studio 15
VisualStudioVersion = 15.0.27130.2026
MinimumVisualStudioVersion = 10.0.40219.1
Project("{6EC3EE1D-3C4E-46DD-8F32-0CC8E7565705}") = "RichTeaMan.Maths", "RichTeaMan.Maths\RichTeaMan.Maths.fsproj", "{524D2F19-D228-419B-897B-9301FD54C02E}"
EndProject
Project("{9A19103F-16F7-4668-BE54-9A1E7A4F7556}") = "RichTeaMan.Maths.Tests", "RichTeaMan.Maths.Tests\RichTeaMan.Maths.Tests.csproj", "{603CE421-6211-4520-B774-345B220794E3}"
EndProject
Project("{2150E333-8FDC-42A3-9474-1A3956D46DE8}") = "Solution Items", "Solution Items", "{428781D6-AB59-44F9-AE57-97EDD6C72E30}"
	ProjectSection(SolutionItems) = preProject
		license.txt = license.txt
		readme.md = readme.md
	EndProjectSection
EndProject
Global
	GlobalSection(SolutionConfigurationPlatforms) = preSolution
		Debug|Any CPU = Debug|Any CPU
		Release|Any CPU = Release|Any CPU
	EndGlobalSection
	GlobalSection(ProjectConfigurationPlatforms) = postSolution
		{524D2F19-D228-419B-897B-9301FD54C02E}.Debug|Any CPU.ActiveCfg = Debug|Any CPU
		{524D2F19-D228-419B-897B-9301FD54C02E}.Debug|Any CPU.Build.0 = Debug|Any CPU
		{524D2F19-D228-419B-897B-9301FD54C02E}.Release|Any CPU.ActiveCfg = Release|Any CPU
		{524D2F19-D228-419B-897B-9301FD54C02E}.Release|Any CPU.Build.0 = Release|Any CPU
		{603CE421-6211-4520-B774-345B220794E3}.Debug|Any CPU.ActiveCfg = Debug|Any CPU
		{603CE421-6211-4520-B774-345B220794E3}.Debug|Any CPU.Build.0 = Debug|Any CPU
		{603CE421-6211-4520-B774-345B220794E3}.Release|Any CPU.ActiveCfg = Release|Any CPU
		{603CE421-6211-4520-B774-345B220794E3}.Release|Any CPU.Build.0 = Release|Any CPU
	EndGlobalSection
	GlobalSection(SolutionProperties) = preSolution
		HideSolutionNode = FALSE
	EndGlobalSection
	GlobalSection(ExtensibilityGlobals) = postSolution
		SolutionGuid = {E38ED0DF-CD97-4429-B562-CC882AB8A64E}
	EndGlobalSection
EndGlobal
